
Microsoft Visual Studio Solution File, Format Version 12.00
# Visual Studio 15
VisualStudioVersion = 15.0.28010.2050
MinimumVisualStudioVersion = 10.0.40219.1
Project("{FAE04EC0-301F-11D3-BF4B-00C04F79EFBC}") = "EmployeeLoanManagementSystem", "EmployeeLoanManagementSystem\EmployeeLoanManagementSystem.csproj", "{97C8BFE4-8141-44D2-A370-CA500AB7936E}"
EndProject
Global
	GlobalSection(SolutionConfigurationPlatforms) = preSolution
		Debug|Any CPU = Debug|Any CPU
		Release|Any CPU = Release|Any CPU
	EndGlobalSection
	GlobalSection(ProjectConfigurationPlatforms) = postSolution
		{97C8BFE4-8141-44D2-A370-CA500AB7936E}.Debug|Any CPU.ActiveCfg = Debug|Any CPU
		{97C8BFE4-8141-44D2-A370-CA500AB7936E}.Debug|Any CPU.Build.0 = Debug|Any CPU
		{97C8BFE4-8141-44D2-A370-CA500AB7936E}.Release|Any CPU.ActiveCfg = Release|Any CPU
		{97C8BFE4-8141-44D2-A370-CA500AB7936E}.Release|Any CPU.Build.0 = Release|Any CPU
	EndGlobalSection
	GlobalSection(SolutionProperties) = preSolution
		HideSolutionNode = FALSE
	EndGlobalSection
	GlobalSection(ExtensibilityGlobals) = postSolution
		SolutionGuid = {7015BEE5-7365-4E37-9FDF-956346F14E68}
	EndGlobalSection
EndGlobal
